PODS:
  - CJJRouter (1.0.8)
  - LookinServer (1.0.0)
  - Masonry (1.1.0)

DEPENDENCIES:
  - CJJRouter
  - LookinServer
  - Masonry

SPEC REPOS:
  trunk:
    - CJJRouter
    - LookinServer
    - Masonry

SPEC CHECKSUMS:
  CJJRouter: 012c8adcee44cab68a7b47cd36bbc5f814ec0243
  LookinServer: 0002891cd3cec5e082a910e897dfe71b4f06b89e
  Masonry: 678fab65091a9290e40e2832a55e7ab731aad201

PODFILE CHECKSUM: 305a9ed9e0d4e03feeed454c8927bc1628c996dd

COCOAPODS: 1.9.3
