// !$*UTF8*$!
{
	archiveVersion = 1;
	classes = {
	};
	objectVersion = 51;
	objects = {

/* Begin PBXBuildFile section */
		0A1A7CD124CA7C3100227F78 /* CJJTimerJDCell.m in Sources */ = {isa = PBXBuildFile; fileRef = 0A1A7CD024CA7C3100227F78 /* CJJTimerJDCell.m */; };
		0A1A7CD424CA7C3D00227F78 /* CJJTimerPDDCell.m in Sources */ = {isa = PBXBuildFile; fileRef = 0A1A7CD324CA7C3D00227F78 /* CJJTimerPDDCell.m */; };
		0AA36C4624CBD73A0059DC26 /* CJJTimerSMSCell.m in Sources */ = {isa = PBXBuildFile; fileRef = 0AA36C4524CBD73A0059DC26 /* CJJTimerSMSCell.m */; };
		0AA36C4924CBD7DC0059DC26 /* CJJSMSTimer.m in Sources */ = {isa = PBXBuildFile; fileRef = 0AA36C4724CBD7DC0059DC26 /* CJJSMSTimer.m */; };
		0AA58A2624C9359C004CD5A7 /* CJJTimerVC.m in Sources */ = {isa = PBXBuildFile; fileRef = 0AA58A2524C9359C004CD5A7 /* CJJTimerVC.m */; };
		0AA58A2F24C98646004CD5A7 /* CJJTimerTBCell.m in Sources */ = {isa = PBXBuildFile; fileRef = 0AA58A2E24C98646004CD5A7 /* CJJTimerTBCell.m */; };
		0AA58A3224C986F1004CD5A7 /* CJJTimerModel.m in Sources */ = {isa = PBXBuildFile; fileRef = 0AA58A3124C986F1004CD5A7 /* CJJTimerModel.m */; };
		0AA58A3524C99645004CD5A7 /* CJJTimerSNCell.m in Sources */ = {isa = PBXBuildFile; fileRef = 0AA58A3424C99645004CD5A7 /* CJJTimerSNCell.m */; };
		0AB6420024CAD4BB00A4F567 /* UIView+PlatformCornerRadius.m in Sources */ = {isa = PBXBuildFile; fileRef = 0AB641FE24CAD4BB00A4F567 /* UIView+PlatformCornerRadius.m */; };
		0AB6420624CADDE800A4F567 /* CJJTimerHeaderView.m in Sources */ = {isa = PBXBuildFile; fileRef = 0AB6420524CADDE800A4F567 /* CJJTimerHeaderView.m */; };
		0AB6420C24CAE1A500A4F567 /* NSObject+TimeExtension.m in Sources */ = {isa = PBXBuildFile; fileRef = 0AB6420B24CAE1A500A4F567 /* NSObject+TimeExtension.m */; };
		0AD1E5E924B0274000A7E631 /* CJJIndexVC.m in Sources */ = {isa = PBXBuildFile; fileRef = 0AD1E5DF24B0273F00A7E631 /* CJJIndexVC.m */; };
		0AE75A2224C8424900A629D3 /* CJJTimerView.m in Sources */ = {isa = PBXBuildFile; fileRef = 0AE75A2124C8424900A629D3 /* CJJTimerView.m */; };
		0AE8248224AB178200A95268 /* AppDelegate.m in Sources */ = {isa = PBXBuildFile; fileRef = 0AE8248124AB178200A95268 /* AppDelegate.m */; };
		0AE8248B24AB178200A95268 /* Main.storyboard in Resources */ = {isa = PBXBuildFile; fileRef = 0AE8248924AB178200A95268 /* Main.storyboard */; };
		0AE8248D24AB178300A95268 /* Assets.xcassets in Resources */ = {isa = PBXBuildFile; fileRef = 0AE8248C24AB178300A95268 /* Assets.xcassets */; };
		0AE8249024AB178300A95268 /* LaunchScreen.storyboard in Resources */ = {isa = PBXBuildFile; fileRef = 0AE8248E24AB178300A95268 /* LaunchScreen.storyboard */; };
		0AE8249324AB178300A95268 /* main.m in Sources */ = {isa = PBXBuildFile; fileRef = 0AE8249224AB178300A95268 /* main.m */; };
		0AE8249D24AB178300A95268 /* CJJTimerTests.m in Sources */ = {isa = PBXBuildFile; fileRef = 0AE8249C24AB178300A95268 /* CJJTimerTests.m */; };
		0AE824A824AB178300A95268 /* CJJTimerUITests.m in Sources */ = {isa = PBXBuildFile; fileRef = 0AE824A724AB178300A95268 /* CJJTimerUITests.m */; };
		4EBE5C913463FA1CADBF5BCF /* libPods-CJJTimer.a in Frameworks */ = {isa = PBXBuildFile; fileRef = 0F82040337842D839233E473 /* libPods-CJJTimer.a */; };
/* End PBXBuildFile section */

/* Begin PBXContainerItemProxy section */
		0AE8249924AB178300A95268 /* PBXContainerItemProxy */ = {
			isa = PBXContainerItemProxy;
			containerPortal = 0AE8247524AB178200A95268 /* Project object */;
			proxyType = 1;
			remoteGlobalIDString = 0AE8247C24AB178200A95268;
			remoteInfo = CJJTimer;
		};
		0AE824A424AB178300A95268 /* PBXContainerItemProxy */ = {
			isa = PBXContainerItemProxy;
			containerPortal = 0AE8247524AB178200A95268 /* Project object */;
			proxyType = 1;
			remoteGlobalIDString = 0AE8247C24AB178200A95268;
			remoteInfo = CJJTimer;
		};
/* End PBXContainerItemProxy section */

/* Begin PBXFileReference section */
		0A1A7CCF24CA7C3100227F78 /* CJJTimerJDCell.h */ = {isa = PBXFileReference; lastKnownFileType = sourcecode.c.h; path = CJJTimerJDCell.h; sourceTree = "<group>"; };
		0A1A7CD024CA7C3100227F78 /* CJJTimerJDCell.m */ = {isa = PBXFileReference; lastKnownFileType = sourcecode.c.objc; path = CJJTimerJDCell.m; sourceTree = "<group>"; };
		0A1A7CD224CA7C3D00227F78 /* CJJTimerPDDCell.h */ = {isa = PBXFileReference; lastKnownFileType = sourcecode.c.h; path = CJJTimerPDDCell.h; sourceTree = "<group>"; };
		0A1A7CD324CA7C3D00227F78 /* CJJTimerPDDCell.m */ = {isa = PBXFileReference; lastKnownFileType = sourcecode.c.objc; path = CJJTimerPDDCell.m; sourceTree = "<group>"; };
		0AA36C4424CBD73A0059DC26 /* CJJTimerSMSCell.h */ = {isa = PBXFileReference; lastKnownFileType = sourcecode.c.h; path = CJJTimerSMSCell.h; sourceTree = "<group>"; };
		0AA36C4524CBD73A0059DC26 /* CJJTimerSMSCell.m */ = {isa = PBXFileReference; lastKnownFileType = sourcecode.c.objc; path = CJJTimerSMSCell.m; sourceTree = "<group>"; };
		0AA36C4724CBD7DC0059DC26 /* CJJSMSTimer.m */ = {isa = PBXFileReference; fileEncoding = 4; lastKnownFileType = sourcecode.c.objc; path = CJJSMSTimer.m; sourceTree = "<group>"; };
		0AA36C4824CBD7DC0059DC26 /* CJJSMSTimer.h */ = {isa = PBXFileReference; fileEncoding = 4; lastKnownFileType = sourcecode.c.h; path = CJJSMSTimer.h; sourceTree = "<group>"; };
		0AA36C4E24CBDB060059DC26 /* CJJTimerMacro.h */ = {isa = PBXFileReference; lastKnownFileType = sourcecode.c.h; path = CJJTimerMacro.h; sourceTree = "<group>"; };
		0AA36C4F24CBDD680059DC26 /* CJJTimer.h */ = {isa = PBXFileReference; lastKnownFileType = sourcecode.c.h; path = CJJTimer.h; sourceTree = "<group>"; };
		0AA58A2424C9359C004CD5A7 /* CJJTimerVC.h */ = {isa = PBXFileReference; lastKnownFileType = sourcecode.c.h; path = CJJTimerVC.h; sourceTree = "<group>"; };
		0AA58A2524C9359C004CD5A7 /* CJJTimerVC.m */ = {isa = PBXFileReference; lastKnownFileType = sourcecode.c.objc; path = CJJTimerVC.m; sourceTree = "<group>"; };
		0AA58A2D24C98646004CD5A7 /* CJJTimerTBCell.h */ = {isa = PBXFileReference; lastKnownFileType = sourcecode.c.h; path = CJJTimerTBCell.h; sourceTree = "<group>"; };
		0AA58A2E24C98646004CD5A7 /* CJJTimerTBCell.m */ = {isa = PBXFileReference; lastKnownFileType = sourcecode.c.objc; path = CJJTimerTBCell.m; sourceTree = "<group>"; };
		0AA58A3024C986F1004CD5A7 /* CJJTimerModel.h */ = {isa = PBXFileReference; lastKnownFileType = sourcecode.c.h; path = CJJTimerModel.h; sourceTree = "<group>"; };
		0AA58A3124C986F1004CD5A7 /* CJJTimerModel.m */ = {isa = PBXFileReference; lastKnownFileType = sourcecode.c.objc; path = CJJTimerModel.m; sourceTree = "<group>"; };
		0AA58A3324C99645004CD5A7 /* CJJTimerSNCell.h */ = {isa = PBXFileReference; lastKnownFileType = sourcecode.c.h; path = CJJTimerSNCell.h; sourceTree = "<group>"; };
		0AA58A3424C99645004CD5A7 /* CJJTimerSNCell.m */ = {isa = PBXFileReference; lastKnownFileType = sourcecode.c.objc; path = CJJTimerSNCell.m; sourceTree = "<group>"; };
		0AB641FE24CAD4BB00A4F567 /* UIView+PlatformCornerRadius.m */ = {isa = PBXFileReference; fileEncoding = 4; lastKnownFileType = sourcecode.c.objc; path = "UIView+PlatformCornerRadius.m"; sourceTree = "<group>"; };
		0AB641FF24CAD4BB00A4F567 /* UIView+PlatformCornerRadius.h */ = {isa = PBXFileReference; fileEncoding = 4; lastKnownFileType = sourcecode.c.h; path = "UIView+PlatformCornerRadius.h"; sourceTree = "<group>"; };
		0AB6420424CADDE800A4F567 /* CJJTimerHeaderView.h */ = {isa = PBXFileReference; lastKnownFileType = sourcecode.c.h; path = CJJTimerHeaderView.h; sourceTree = "<group>"; };
		0AB6420524CADDE800A4F567 /* CJJTimerHeaderView.m */ = {isa = PBXFileReference; lastKnownFileType = sourcecode.c.objc; path = CJJTimerHeaderView.m; sourceTree = "<group>"; };
		0AB6420A24CAE1A500A4F567 /* NSObject+TimeExtension.h */ = {isa = PBXFileReference; lastKnownFileType = sourcecode.c.h; path = "NSObject+TimeExtension.h"; sourceTree = "<group>"; };
		0AB6420B24CAE1A500A4F567 /* NSObject+TimeExtension.m */ = {isa = PBXFileReference; lastKnownFileType = sourcecode.c.objc; path = "NSObject+TimeExtension.m"; sourceTree = "<group>"; };
		0AD1E5DF24B0273F00A7E631 /* CJJIndexVC.m */ = {isa = PBXFileReference; fileEncoding = 4; lastKnownFileType = sourcecode.c.objc; path = CJJIndexVC.m; sourceTree = "<group>"; };
		0AD1E5E024B0273F00A7E631 /* CJJIndexVC.h */ = {isa = PBXFileReference; fileEncoding = 4; lastKnownFileType = sourcecode.c.h; path = CJJIndexVC.h; sourceTree = "<group>"; };
		0AE75A2024C8424900A629D3 /* CJJTimerView.h */ = {isa = PBXFileReference; fileEncoding = 4; lastKnownFileType = sourcecode.c.h; path = CJJTimerView.h; sourceTree = "<group>"; };
		0AE75A2124C8424900A629D3 /* CJJTimerView.m */ = {isa = PBXFileReference; fileEncoding = 4; lastKnownFileType = sourcecode.c.objc; path = CJJTimerView.m; sourceTree = "<group>"; };
		0AE75A2524C843DA00A629D3 /* Marcos.h */ = {isa = PBXFileReference; lastKnownFileType = sourcecode.c.h; path = Marcos.h; sourceTree = "<group>"; };
		0AE8247D24AB178200A95268 /* CJJTimer.app */ = {isa = PBXFileReference; explicitFileType = wrapper.application; includeInIndex = 0; path = CJJTimer.app; sourceTree = BUILT_PRODUCTS_DIR; };
		0AE8248024AB178200A95268 /* AppDelegate.h */ = {isa = PBXFileReference; lastKnownFileType = sourcecode.c.h; path = AppDelegate.h; sourceTree = "<group>"; };
		0AE8248124AB178200A95268 /* AppDelegate.m */ = {isa = PBXFileReference; lastKnownFileType = sourcecode.c.objc; path = AppDelegate.m; sourceTree = "<group>"; };
		0AE8248A24AB178200A95268 /* Base */ = {isa = PBXFileReference; lastKnownFileType = file.storyboard; name = Base; path = Base.lproj/Main.storyboard; sourceTree = "<group>"; };
		0AE8248C24AB178300A95268 /* Assets.xcassets */ = {isa = PBXFileReference; lastKnownFileType = folder.assetcatalog; path = Assets.xcassets; sourceTree = "<group>"; };
		0AE8248F24AB178300A95268 /* Base */ = {isa = PBXFileReference; lastKnownFileType = file.storyboard; name = Base; path = Base.lproj/LaunchScreen.storyboard; sourceTree = "<group>"; };
		0AE8249124AB178300A95268 /* Info.plist */ = {isa = PBXFileReference; lastKnownFileType = text.plist.xml; path = Info.plist; sourceTree = "<group>"; };
		0AE8249224AB178300A95268 /* main.m */ = {isa = PBXFileReference; lastKnownFileType = sourcecode.c.objc; path = main.m; sourceTree = "<group>"; };
		0AE8249824AB178300A95268 /* CJJTimerTests.xctest */ = {isa = PBXFileReference; explicitFileType = wrapper.cfbundle; includeInIndex = 0; path = CJJTimerTests.xctest; sourceTree = BUILT_PRODUCTS_DIR; };
		0AE8249C24AB178300A95268 /* CJJTimerTests.m */ = {isa = PBXFileReference; lastKnownFileType = sourcecode.c.objc; path = CJJTimerTests.m; sourceTree = "<group>"; };
		0AE8249E24AB178300A95268 /* Info.plist */ = {isa = PBXFileReference; lastKnownFileType = text.plist.xml; path = Info.plist; sourceTree = "<group>"; };
		0AE824A324AB178300A95268 /* CJJTimerUITests.xctest */ = {isa = PBXFileReference; explicitFileType = wrapper.cfbundle; includeInIndex = 0; path = CJJTimerUITests.xctest; sourceTree = BUILT_PRODUCTS_DIR; };
		0AE824A724AB178300A95268 /* CJJTimerUITests.m */ = {isa = PBXFileReference; lastKnownFileType = sourcecode.c.objc; path = CJJTimerUITests.m; sourceTree = "<group>"; };
		0AE824A924AB178300A95268 /* Info.plist */ = {isa = PBXFileReference; lastKnownFileType = text.plist.xml; path = Info.plist; sourceTree = "<group>"; };
		0AE824BF24AB185200A95268 /* PrefixHeader.pch */ = {isa = PBXFileReference; lastKnownFileType = sourcecode.c.h; path = PrefixHeader.pch; sourceTree = "<group>"; };
		0F82040337842D839233E473 /* libPods-CJJTimer.a */ = {isa = PBXFileReference; explicitFileType = archive.ar; includeInIndex = 0; path = "libPods-CJJTimer.a"; sourceTree = BUILT_PRODUCTS_DIR; };
		5F17940A3DDC633E61B35733 /* Pods-CJJTimer.release.xcconfig */ = {isa = PBXFileReference; includeInIndex = 1; lastKnownFileType = text.xcconfig; name = "Pods-CJJTimer.release.xcconfig"; path = "Target Support Files/Pods-CJJTimer/Pods-CJJTimer.release.xcconfig"; sourceTree = "<group>"; };
		DF7A51D14D8C4722577971F8 /* Pods-CJJTimer.debug.xcconfig */ = {isa = PBXFileReference; includeInIndex = 1; lastKnownFileType = text.xcconfig; name = "Pods-CJJTimer.debug.xcconfig"; path = "Target Support Files/Pods-CJJTimer/Pods-CJJTimer.debug.xcconfig"; sourceTree = "<group>"; };
/* End PBXFileReference section */

/* Begin PBXFrameworksBuildPhase section */
		0AE8247A24AB178200A95268 /* Frameworks */ = {
			isa = PBXFrameworksBuildPhase;
			buildActionMask = 2147483647;
			files = (
				4EBE5C913463FA1CADBF5BCF /* libPods-CJJTimer.a in Frameworks */,
			);
			runOnlyForDeploymentPostprocessing = 0;
		};
		0AE8249524AB178300A95268 /* Frameworks */ = {
			isa = PBXFrameworksBuildPhase;
			buildActionMask = 2147483647;
			files = (
			);
			runOnlyForDeploymentPostprocessing = 0;
		};
		0AE824A024AB178300A95268 /* Frameworks */ = {
			isa = PBXFrameworksBuildPhase;
			buildActionMask = 2147483647;
			files = (
			);
			runOnlyForDeploymentPostprocessing = 0;
		};
/* End PBXFrameworksBuildPhase section */

/* Begin PBXGroup section */
		0AB641FD24CAD48400A4F567 /* Category */ = {
			isa = PBXGroup;
			children = (
				0AB641FF24CAD4BB00A4F567 /* UIView+PlatformCornerRadius.h */,
				0AB641FE24CAD4BB00A4F567 /* UIView+PlatformCornerRadius.m */,
				0AB6420A24CAE1A500A4F567 /* NSObject+TimeExtension.h */,
				0AB6420B24CAE1A500A4F567 /* NSObject+TimeExtension.m */,
			);
			path = Category;
			sourceTree = "<group>";
		};
		0AD1E5DC24B0273F00A7E631 /* Modules */ = {
			isa = PBXGroup;
			children = (
				0AD1E5DD24B0273F00A7E631 /* MainIndex */,
			);
			path = Modules;
			sourceTree = "<group>";
		};
		0AD1E5DD24B0273F00A7E631 /* MainIndex */ = {
			isa = PBXGroup;
			children = (
				0AD1E5DE24B0273F00A7E631 /* VC */,
				0AD1E5E124B0273F00A7E631 /* Model */,
				0AD1E5E224B0273F00A7E631 /* View */,
			);
			path = MainIndex;
			sourceTree = "<group>";
		};
		0AD1E5DE24B0273F00A7E631 /* VC */ = {
			isa = PBXGroup;
			children = (
				0AD1E5E024B0273F00A7E631 /* CJJIndexVC.h */,
				0AD1E5DF24B0273F00A7E631 /* CJJIndexVC.m */,
				0AA58A2424C9359C004CD5A7 /* CJJTimerVC.h */,
				0AA58A2524C9359C004CD5A7 /* CJJTimerVC.m */,
			);
			path = VC;
			sourceTree = "<group>";
		};
		0AD1E5E124B0273F00A7E631 /* Model */ = {
			isa = PBXGroup;
			children = (
				0AA58A3024C986F1004CD5A7 /* CJJTimerModel.h */,
				0AA58A3124C986F1004CD5A7 /* CJJTimerModel.m */,
			);
			path = Model;
			sourceTree = "<group>";
		};
		0AD1E5E224B0273F00A7E631 /* View */ = {
			isa = PBXGroup;
			children = (
				0AB6420424CADDE800A4F567 /* CJJTimerHeaderView.h */,
				0AB6420524CADDE800A4F567 /* CJJTimerHeaderView.m */,
				0AA58A2D24C98646004CD5A7 /* CJJTimerTBCell.h */,
				0AA58A2E24C98646004CD5A7 /* CJJTimerTBCell.m */,
				0A1A7CCF24CA7C3100227F78 /* CJJTimerJDCell.h */,
				0A1A7CD024CA7C3100227F78 /* CJJTimerJDCell.m */,
				0AA58A3324C99645004CD5A7 /* CJJTimerSNCell.h */,
				0AA58A3424C99645004CD5A7 /* CJJTimerSNCell.m */,
				0A1A7CD224CA7C3D00227F78 /* CJJTimerPDDCell.h */,
				0A1A7CD324CA7C3D00227F78 /* CJJTimerPDDCell.m */,
				0AA36C4424CBD73A0059DC26 /* CJJTimerSMSCell.h */,
				0AA36C4524CBD73A0059DC26 /* CJJTimerSMSCell.m */,
			);
			path = View;
			sourceTree = "<group>";
		};
		0AD1E5EB24B0274600A7E631 /* AppDelegate */ = {
			isa = PBXGroup;
			children = (
				0AE8248024AB178200A95268 /* AppDelegate.h */,
				0AE8248124AB178200A95268 /* AppDelegate.m */,
			);
			path = AppDelegate;
			sourceTree = "<group>";
		};
		0AD1E5EF24B0277000A7E631 /* Resource */ = {
			isa = PBXGroup;
			children = (
			);
			path = Resource;
			sourceTree = "<group>";
		};
		0AE75A1F24C8424900A629D3 /* CJJTimer */ = {
			isa = PBXGroup;
			children = (
				0AA36C4F24CBDD680059DC26 /* CJJTimer.h */,
				0AE75A2024C8424900A629D3 /* CJJTimerView.h */,
				0AE75A2124C8424900A629D3 /* CJJTimerView.m */,
				0AA36C4824CBD7DC0059DC26 /* CJJSMSTimer.h */,
				0AA36C4724CBD7DC0059DC26 /* CJJSMSTimer.m */,
				0AA36C4E24CBDB060059DC26 /* CJJTimerMacro.h */,
			);
			path = CJJTimer;
			sourceTree = "<group>";
		};
		0AE75A2324C8425B00A629D3 /* Demo */ = {
			isa = PBXGroup;
			children = (
				0AD1E5EB24B0274600A7E631 /* AppDelegate */,
				0AD1E5DC24B0273F00A7E631 /* Modules */,
				0AD1E5EF24B0277000A7E631 /* Resource */,
				0AE75A2424C843C500A629D3 /* Marcos */,
				0AE824B524AB17D000A95268 /* Other */,
			);
			path = Demo;
			sourceTree = "<group>";
		};
		0AE75A2424C843C500A629D3 /* Marcos */ = {
			isa = PBXGroup;
			children = (
				0AE75A2524C843DA00A629D3 /* Marcos.h */,
			);
			path = Marcos;
			sourceTree = "<group>";
		};
		0AE8247424AB178200A95268 = {
			isa = PBXGroup;
			children = (
				0AE8247F24AB178200A95268 /* CJJTimer */,
				0AE8249B24AB178300A95268 /* CJJTimerTests */,
				0AE824A624AB178300A95268 /* CJJTimerUITests */,
				0AE8247E24AB178200A95268 /* Products */,
				368416FB970EAD6D75398AE9 /* Pods */,
				119A34608DE115D723E05EF7 /* Frameworks */,
			);
			sourceTree = "<group>";
		};
		0AE8247E24AB178200A95268 /* Products */ = {
			isa = PBXGroup;
			children = (
				0AE8247D24AB178200A95268 /* CJJTimer.app */,
				0AE8249824AB178300A95268 /* CJJTimerTests.xctest */,
				0AE824A324AB178300A95268 /* CJJTimerUITests.xctest */,
			);
			name = Products;
			sourceTree = "<group>";
		};
		0AE8247F24AB178200A95268 /* CJJTimer */ = {
			isa = PBXGroup;
			children = (
				0AB641FD24CAD48400A4F567 /* Category */,
				0AE75A1F24C8424900A629D3 /* CJJTimer */,
				0AE75A2324C8425B00A629D3 /* Demo */,
			);
			path = CJJTimer;
			sourceTree = "<group>";
		};
		0AE8249B24AB178300A95268 /* CJJTimerTests */ = {
			isa = PBXGroup;
			children = (
				0AE8249C24AB178300A95268 /* CJJTimerTests.m */,
				0AE8249E24AB178300A95268 /* Info.plist */,
			);
			path = CJJTimerTests;
			sourceTree = "<group>";
		};
		0AE824A624AB178300A95268 /* CJJTimerUITests */ = {
			isa = PBXGroup;
			children = (
				0AE824A724AB178300A95268 /* CJJTimerUITests.m */,
				0AE824A924AB178300A95268 /* Info.plist */,
			);
			path = CJJTimerUITests;
			sourceTree = "<group>";
		};
		0AE824B524AB17D000A95268 /* Other */ = {
			isa = PBXGroup;
			children = (
				0AE824BF24AB185200A95268 /* PrefixHeader.pch */,
				0AE8248924AB178200A95268 /* Main.storyboard */,
				0AE8248C24AB178300A95268 /* Assets.xcassets */,
				0AE8248E24AB178300A95268 /* LaunchScreen.storyboard */,
				0AE8249124AB178300A95268 /* Info.plist */,
				0AE8249224AB178300A95268 /* main.m */,
			);
			path = Other;
			sourceTree = "<group>";
		};
		119A34608DE115D723E05EF7 /* Frameworks */ = {
			isa = PBXGroup;
			children = (
				0F82040337842D839233E473 /* libPods-CJJTimer.a */,
			);
			name = Frameworks;
			sourceTree = "<group>";
		};
		368416FB970EAD6D75398AE9 /* Pods */ = {
			isa = PBXGroup;
			children = (
				DF7A51D14D8C4722577971F8 /* Pods-CJJTimer.debug.xcconfig */,
				5F17940A3DDC633E61B35733 /* Pods-CJJTimer.release.xcconfig */,
			);
			path = Pods;
			sourceTree = "<group>";
		};
/* End PBXGroup section */

/* Begin PBXNativeTarget section */
		0AE8247C24AB178200A95268 /* CJJTimer */ = {
			isa = PBXNativeTarget;
			buildConfigurationList = 0AE824AC24AB178300A95268 /* Build configuration list for PBXNativeTarget "CJJTimer" */;
			buildPhases = (
				55CDDF575C2A0FD1DBB17A43 /* [CP] Check Pods Manifest.lock */,
				0AE8247924AB178200A95268 /* Sources */,
				0AE8247A24AB178200A95268 /* Frameworks */,
				0AE8247B24AB178200A95268 /* Resources */,
				355929CAE3CE0A6C938F6A24 /* [CP] Embed Pods Frameworks */,
				C0D540C5071661C2AB9D294E /* [CP] Copy Pods Resources */,
			);
			buildRules = (
			);
			dependencies = (
			);
			name = CJJTimer;
			productName = CJJTimer;
			productReference = 0AE8247D24AB178200A95268 /* CJJTimer.app */;
			productType = "com.apple.product-type.application";
		};
		0AE8249724AB178300A95268 /* CJJTimerTests */ = {
			isa = PBXNativeTarget;
			buildConfigurationList = 0AE824AF24AB178300A95268 /* Build configuration list for PBXNativeTarget "CJJTimerTests" */;
			buildPhases = (
				0AE8249424AB178300A95268 /* Sources */,
				0AE8249524AB178300A95268 /* Frameworks */,
				0AE8249624AB178300A95268 /* Resources */,
			);
			buildRules = (
			);
			dependencies = (
				0AE8249A24AB178300A95268 /* PBXTargetDependency */,
			);
			name = CJJTimerTests;
			productName = CJJTimerTests;
			productReference = 0AE8249824AB178300A95268 /* CJJTimerTests.xctest */;
			productType = "com.apple.product-type.bundle.unit-test";
		};
		0AE824A224AB178300A95268 /* CJJTimerUITests */ = {
			isa = PBXNativeTarget;
			buildConfigurationList = 0AE824B224AB178300A95268 /* Build configuration list for PBXNativeTarget "CJJTimerUITests" */;
			buildPhases = (
				0AE8249F24AB178300A95268 /* Sources */,
				0AE824A024AB178300A95268 /* Frameworks */,
				0AE824A124AB178300A95268 /* Resources */,
			);
			buildRules = (
			);
			dependencies = (
				0AE824A524AB178300A95268 /* PBXTargetDependency */,
			);
			name = CJJTimerUITests;
			productName = CJJTimerUITests;
			productReference = 0AE824A324AB178300A95268 /* CJJTimerUITests.xctest */;
			productType = "com.apple.product-type.bundle.ui-testing";
		};
/* End PBXNativeTarget section */

/* Begin PBXProject section */
		0AE8247524AB178200A95268 /* Project object */ = {
			isa = PBXProject;
			attributes = {
				LastUpgradeCheck = 1110;
				ORGANIZATIONNAME = CAOJIANJIN;
				TargetAttributes = {
					0AE8247C24AB178200A95268 = {
						CreatedOnToolsVersion = 11.1;
					};
					0AE8249724AB178300A95268 = {
						CreatedOnToolsVersion = 11.1;
						TestTargetID = 0AE8247C24AB178200A95268;
					};
					0AE824A224AB178300A95268 = {
						CreatedOnToolsVersion = 11.1;
						TestTargetID = 0AE8247C24AB178200A95268;
					};
				};
			};
			buildConfigurationList = 0AE8247824AB178200A95268 /* Build configuration list for PBXProject "CJJTimer" */;
			compatibilityVersion = "Xcode 9.3";
			developmentRegion = en;
			hasScannedForEncodings = 0;
			knownRegions = (
				en,
				Base,
			);
			mainGroup = 0AE8247424AB178200A95268;
			productRefGroup = 0AE8247E24AB178200A95268 /* Products */;
			projectDirPath = "";
			projectRoot = "";
			targets = (
				0AE8247C24AB178200A95268 /* CJJTimer */,
				0AE8249724AB178300A95268 /* CJJTimerTests */,
				0AE824A224AB178300A95268 /* CJJTimerUITests */,
			);
		};
/* End PBXProject section */

/* Begin PBXResourcesBuildPhase section */
		0AE8247B24AB178200A95268 /* Resources */ = {
			isa = PBXResourcesBuildPhase;
			buildActionMask = 2147483647;
			files = (
				0AE8249024AB178300A95268 /* LaunchScreen.storyboard in Resources */,
				0AE8248D24AB178300A95268 /* Assets.xcassets in Resources */,
				0AE8248B24AB178200A95268 /* Main.storyboard in Resources */,
			);
			runOnlyForDeploymentPostprocessing = 0;
		};
		0AE8249624AB178300A95268 /* Resources */ = {
			isa = PBXResourcesBuildPhase;
			buildActionMask = 2147483647;
			files = (
			);
			runOnlyForDeploymentPostprocessing = 0;
		};
		0AE824A124AB178300A95268 /* Resources */ = {
			isa = PBXResourcesBuildPhase;
			buildActionMask = 2147483647;
			files = (
			);
			runOnlyForDeploymentPostprocessing = 0;
		};
/* End PBXResourcesBuildPhase section */

/* Begin PBXShellScriptBuildPhase section */
		355929CAE3CE0A6C938F6A24 /* [CP] Embed Pods Frameworks */ = {
			isa = PBXShellScriptBuildPhase;
			buildActionMask = 2147483647;
			files = (
			);
			inputFileListPaths = (
				"${PODS_ROOT}/Target Support Files/Pods-CJJTimer/Pods-CJJTimer-frameworks-${CONFIGURATION}-input-files.xcfilelist",
			);
			name = "[CP] Embed Pods Frameworks";
			outputFileListPaths = (
				"${PODS_ROOT}/Target Support Files/Pods-CJJTimer/Pods-CJJTimer-frameworks-${CONFIGURATION}-output-files.xcfilelist",
			);
			runOnlyForDeploymentPostprocessing = 0;
			shellPath = /bin/sh;
			shellScript = "\"${PODS_ROOT}/Target Support Files/Pods-CJJTimer/Pods-CJJTimer-frameworks.sh\"\n";
			showEnvVarsInLog = 0;
		};
		55CDDF575C2A0FD1DBB17A43 /* [CP] Check Pods Manifest.lock */ = {
			isa = PBXShellScriptBuildPhase;
			buildActionMask = 2147483647;
			files = (
			);
			inputFileListPaths = (
			);
			inputPaths = (
				"${PODS_PODFILE_DIR_PATH}/Podfile.lock",
				"${PODS_ROOT}/Manifest.lock",
			);
			name = "[CP] Check Pods Manifest.lock";
			outputFileListPaths = (
			);
			outputPaths = (
				"$(DERIVED_FILE_DIR)/Pods-CJJTimer-checkManifestLockResult.txt",
			);
			runOnlyForDeploymentPostprocessing = 0;
			shellPath = /bin/sh;
			shellScript = "diff \"${PODS_PODFILE_DIR_PATH}/Podfile.lock\" \"${PODS_ROOT}/Manifest.lock\" > /dev/null\nif [ $? != 0 ] ; then\n    # print error to STDERR\n    echo \"error: The sandbox is not in sync with the Podfile.lock. Run 'pod install' or update your CocoaPods installation.\" >&2\n    exit 1\nfi\n# This output is used by Xcode 'outputs' to avoid re-running this script phase.\necho \"SUCCESS\" > \"${SCRIPT_OUTPUT_FILE_0}\"\n";
			showEnvVarsInLog = 0;
		};
		C0D540C5071661C2AB9D294E /* [CP] Copy Pods Resources */ = {
			isa = PBXShellScriptBuildPhase;
			buildActionMask = 2147483647;
			files = (
			);
			inputFileListPaths = (
				"${PODS_ROOT}/Target Support Files/Pods-CJJTimer/Pods-CJJTimer-resources-${CONFIGURATION}-input-files.xcfilelist",
			);
			name = "[CP] Copy Pods Resources";
			outputFileListPaths = (
				"${PODS_ROOT}/Target Support Files/Pods-CJJTimer/Pods-CJJTimer-resources-${CONFIGURATION}-output-files.xcfilelist",
			);
			runOnlyForDeploymentPostprocessing = 0;
			shellPath = /bin/sh;
			shellScript = "\"${PODS_ROOT}/Target Support Files/Pods-CJJTimer/Pods-CJJTimer-resources.sh\"\n";
			showEnvVarsInLog = 0;
		};
/* End PBXShellScriptBuildPhase section */

/* Begin PBXSourcesBuildPhase section */
		0AE8247924AB178200A95268 /* Sources */ = {
			isa = PBXSourcesBuildPhase;
			buildActionMask = 2147483647;
			files = (
				0AD1E5E924B0274000A7E631 /* CJJIndexVC.m in Sources */,
				0A1A7CD124CA7C3100227F78 /* CJJTimerJDCell.m in Sources */,
				0A1A7CD424CA7C3D00227F78 /* CJJTimerPDDCell.m in Sources */,
				0AB6420024CAD4BB00A4F567 /* UIView+PlatformCornerRadius.m in Sources */,
				0AE75A2224C8424900A629D3 /* CJJTimerView.m in Sources */,
				0AB6420C24CAE1A500A4F567 /* NSObject+TimeExtension.m in Sources */,
				0AA58A2624C9359C004CD5A7 /* CJJTimerVC.m in Sources */,
				0AA58A3224C986F1004CD5A7 /* CJJTimerModel.m in Sources */,
				0AB6420624CADDE800A4F567 /* CJJTimerHeaderView.m in Sources */,
				0AA58A3524C99645004CD5A7 /* CJJTimerSNCell.m in Sources */,
				0AA58A2F24C98646004CD5A7 /* CJJTimerTBCell.m in Sources */,
				0AA36C4924CBD7DC0059DC26 /* CJJSMSTimer.m in Sources */,
				0AE8248224AB178200A95268 /* AppDelegate.m in Sources */,
				0AE8249324AB178300A95268 /* main.m in Sources */,
				0AA36C4624CBD73A0059DC26 /* CJJTimerSMSCell.m in Sources */,
			);
			runOnlyForDeploymentPostprocessing = 0;
		};
		0AE8249424AB178300A95268 /* Sources */ = {
			isa = PBXSourcesBuildPhase;
			buildActionMask = 2147483647;
			files = (
				0AE8249D24AB178300A95268 /* CJJTimerTests.m in Sources */,
			);
			runOnlyForDeploymentPostprocessing = 0;
		};
		0AE8249F24AB178300A95268 /* Sources */ = {
			isa = PBXSourcesBuildPhase;
			buildActionMask = 2147483647;
			files = (
				0AE824A824AB178300A95268 /* CJJTimerUITests.m in Sources */,
			);
			runOnlyForDeploymentPostprocessing = 0;
		};
/* End PBXSourcesBuildPhase section */

/* Begin PBXTargetDependency section */
		0AE8249A24AB178300A95268 /* PBXTargetDependency */ = {
			isa = PBXTargetDependency;
			target = 0AE8247C24AB178200A95268 /* CJJTimer */;
			targetProxy = 0AE8249924AB178300A95268 /* PBXContainerItemProxy */;
		};
		0AE824A524AB178300A95268 /* PBXTargetDependency */ = {
			isa = PBXTargetDependency;
			target = 0AE8247C24AB178200A95268 /* CJJTimer */;
			targetProxy = 0AE824A424AB178300A95268 /* PBXContainerItemProxy */;
		};
/* End PBXTargetDependency section */

/* Begin PBXVariantGroup section */
		0AE8248924AB178200A95268 /* Main.storyboard */ = {
			isa = PBXVariantGroup;
			children = (
				0AE8248A24AB178200A95268 /* Base */,
			);
			name = Main.storyboard;
			sourceTree = "<group>";
		};
		0AE8248E24AB178300A95268 /* LaunchScreen.storyboard */ = {
			isa = PBXVariantGroup;
			children = (
				0AE8248F24AB178300A95268 /* Base */,
			);
			name = LaunchScreen.storyboard;
			sourceTree = "<group>";
		};
/* End PBXVariantGroup section */

/* Begin XCBuildConfiguration section */
		0AE824AA24AB178300A95268 /* Debug */ = {
			isa = XCBuildConfiguration;
			buildSettings = {
				ALWAYS_SEARCH_USER_PATHS = NO;
				CLANG_ANALYZER_NONNULL = YES;
				CLANG_ANALYZER_NUMBER_OBJECT_CONVERSION = YES_AGGRESSIVE;
				CLANG_CXX_LANGUAGE_STANDARD = "gnu++14";
				CLANG_CXX_LIBRARY = "libc++";
				CLANG_ENABLE_MODULES = YES;
				CLANG_ENABLE_OBJC_ARC = YES;
				CLANG_ENABLE_OBJC_WEAK = YES;
				CLANG_WARN_BLOCK_CAPTURE_AUTORELEASING = YES;
				CLANG_WARN_BOOL_CONVERSION = YES;
				CLANG_WARN_COMMA = YES;
				CLANG_WARN_CONSTANT_CONVERSION = YES;
				CLANG_WARN_DEPRECATED_OBJC_IMPLEMENTATIONS = YES;
				CLANG_WARN_DIRECT_OBJC_ISA_USAGE = YES_ERROR;
				CLANG_WARN_DOCUMENTATION_COMMENTS = YES;
				CLANG_WARN_EMPTY_BODY = YES;
				CLANG_WARN_ENUM_CONVERSION = YES;
				CLANG_WARN_INFINITE_RECURSION = YES;
				CLANG_WARN_INT_CONVERSION = YES;
				CLANG_WARN_NON_LITERAL_NULL_CONVERSION = YES;
				CLANG_WARN_OBJC_IMPLICIT_RETAIN_SELF = YES;
				CLANG_WARN_OBJC_LITERAL_CONVERSION = YES;
				CLANG_WARN_OBJC_ROOT_CLASS = YES_ERROR;
				CLANG_WARN_RANGE_LOOP_ANALYSIS = YES;
				CLANG_WARN_STRICT_PROTOTYPES = YES;
				CLANG_WARN_SUSPICIOUS_MOVE = YES;
				CLANG_WARN_UNGUARDED_AVAILABILITY = YES_AGGRESSIVE;
				CLANG_WARN_UNREACHABLE_CODE = YES;
				CLANG_WARN__DUPLICATE_METHOD_MATCH = YES;
				COPY_PHASE_STRIP = NO;
				DEBUG_INFORMATION_FORMAT = dwarf;
				ENABLE_STRICT_OBJC_MSGSEND = YES;
				ENABLE_TESTABILITY = YES;
				GCC_C_LANGUAGE_STANDARD = gnu11;
				GCC_DYNAMIC_NO_PIC = NO;
				GCC_NO_COMMON_BLOCKS = YES;
				GCC_OPTIMIZATION_LEVEL = 0;
				GCC_PREPROCESSOR_DEFINITIONS = (
					"DEBUG=1",
					"$(inherited)",
				);
				GCC_WARN_64_TO_32_BIT_CONVERSION = YES;
				GCC_WARN_ABOUT_RETURN_TYPE = YES_ERROR;
				GCC_WARN_UNDECLARED_SELECTOR = YES;
				GCC_WARN_UNINITIALIZED_AUTOS = YES_AGGRESSIVE;
				GCC_WARN_UNUSED_FUNCTION = YES;
				GCC_WARN_UNUSED_VARIABLE = YES;
				IPHONEOS_DEPLOYMENT_TARGET = 13.1;
				MTL_ENABLE_DEBUG_INFO = INCLUDE_SOURCE;
				MTL_FAST_MATH = YES;
				ONLY_ACTIVE_ARCH = YES;
				SDKROOT = iphoneos;
			};
			name = Debug;
		};
		0AE824AB24AB178300A95268 /* Release */ = {
			isa = XCBuildConfiguration;
			buildSettings = {
				ALWAYS_SEARCH_USER_PATHS = NO;
				CLANG_ANALYZER_NONNULL = YES;
				CLANG_ANALYZER_NUMBER_OBJECT_CONVERSION = YES_AGGRESSIVE;
				CLANG_CXX_LANGUAGE_STANDARD = "gnu++14";
				CLANG_CXX_LIBRARY = "libc++";
				CLANG_ENABLE_MODULES = YES;
				CLANG_ENABLE_OBJC_ARC = YES;
				CLANG_ENABLE_OBJC_WEAK = YES;
				CLANG_WARN_BLOCK_CAPTURE_AUTORELEASING = YES;
				CLANG_WARN_BOOL_CONVERSION = YES;
				CLANG_WARN_COMMA = YES;
				CLANG_WARN_CONSTANT_CONVERSION = YES;
				CLANG_WARN_DEPRECATED_OBJC_IMPLEMENTATIONS = YES;
				CLANG_WARN_DIRECT_OBJC_ISA_USAGE = YES_ERROR;
				CLANG_WARN_DOCUMENTATION_COMMENTS = YES;
				CLANG_WARN_EMPTY_BODY = YES;
				CLANG_WARN_ENUM_CONVERSION = YES;
				CLANG_WARN_INFINITE_RECURSION = YES;
				CLANG_WARN_INT_CONVERSION = YES;
				CLANG_WARN_NON_LITERAL_NULL_CONVERSION = YES;
				CLANG_WARN_OBJC_IMPLICIT_RETAIN_SELF = YES;
				CLANG_WARN_OBJC_LITERAL_CONVERSION = YES;
				CLANG_WARN_OBJC_ROOT_CLASS = YES_ERROR;
				CLANG_WARN_RANGE_LOOP_ANALYSIS = YES;
				CLANG_WARN_STRICT_PROTOTYPES = YES;
				CLANG_WARN_SUSPICIOUS_MOVE = YES;
				CLANG_WARN_UNGUARDED_AVAILABILITY = YES_AGGRESSIVE;
				CLANG_WARN_UNREACHABLE_CODE = YES;
				CLANG_WARN__DUPLICATE_METHOD_MATCH = YES;
				COPY_PHASE_STRIP = NO;
				DEBUG_INFORMATION_FORMAT = "dwarf-with-dsym";
				ENABLE_NS_ASSERTIONS = NO;
				ENABLE_STRICT_OBJC_MSGSEND = YES;
				GCC_C_LANGUAGE_STANDARD = gnu11;
				GCC_NO_COMMON_BLOCKS = YES;
				GCC_WARN_64_TO_32_BIT_CONVERSION = YES;
				GCC_WARN_ABOUT_RETURN_TYPE = YES_ERROR;
				GCC_WARN_UNDECLARED_SELECTOR = YES;
				GCC_WARN_UNINITIALIZED_AUTOS = YES_AGGRESSIVE;
				GCC_WARN_UNUSED_FUNCTION = YES;
				GCC_WARN_UNUSED_VARIABLE = YES;
				IPHONEOS_DEPLOYMENT_TARGET = 13.1;
				MTL_ENABLE_DEBUG_INFO = NO;
				MTL_FAST_MATH = YES;
				SDKROOT = iphoneos;
				VALIDATE_PRODUCT = YES;
			};
			name = Release;
		};
		0AE824AD24AB178300A95268 /* Debug */ = {
			isa = XCBuildConfiguration;
			baseConfigurationReference = DF7A51D14D8C4722577971F8 /* Pods-CJJTimer.debug.xcconfig */;
			buildSettings = {
				ASSETCATALOG_COMPILER_APPICON_NAME = AppIcon;
				CODE_SIGN_STYLE = Automatic;
				GCC_PREFIX_HEADER = "$(SRCROOT)/CJJTimer/Demo/Other/PrefixHeader.pch";
				INFOPLIST_FILE = "$(SRCROOT)/CJJTimer/Demo/Other/Info.plist";
				LD_RUNPATH_SEARCH_PATHS = (
					"$(inherited)",
					"@executable_path/Frameworks",
				);
				PRODUCT_BUNDLE_IDENTIFIER = CJJ.CJJTimer;
				PRODUCT_NAME = CJJTimer;
				TARGETED_DEVICE_FAMILY = "1,2";
			};
			name = Debug;
		};
		0AE824AE24AB178300A95268 /* Release */ = {
			isa = XCBuildConfiguration;
			baseConfigurationReference = 5F17940A3DDC633E61B35733 /* Pods-CJJTimer.release.xcconfig */;
			buildSettings = {
				ASSETCATALOG_COMPILER_APPICON_NAME = AppIcon;
				CODE_SIGN_STYLE = Automatic;
				GCC_PREFIX_HEADER = "$(SRCROOT)/CJJTimer/Demo/Other/PrefixHeader.pch";
				INFOPLIST_FILE = "$(SRCROOT)/CJJTimer/Demo/Other/Info.plist";
				LD_RUNPATH_SEARCH_PATHS = (
					"$(inherited)",
					"@executable_path/Frameworks",
				);
				PRODUCT_BUNDLE_IDENTIFIER = CJJ.CJJTimer;
				PRODUCT_NAME = CJJTimer;
				TARGETED_DEVICE_FAMILY = "1,2";
			};
			name = Release;
		};
		0AE824B024AB178300A95268 /* Debug */ = {
			isa = XCBuildConfiguration;
			buildSettings = {
				BUNDLE_LOADER = "$(TEST_HOST)";
				CODE_SIGN_STYLE = Automatic;
				INFOPLIST_FILE = CJJTimerTests/Info.plist;
				IPHONEOS_DEPLOYMENT_TARGET = 13.1;
				LD_RUNPATH_SEARCH_PATHS = (
					"$(inherited)",
					"@executable_path/Frameworks",
					"@loader_path/Frameworks",
				);
				PRODUCT_BUNDLE_IDENTIFIER = com.CJJDemo.www.CJJTimerTests;
				PRODUCT_NAME = "$(TARGET_NAME)";
				TARGETED_DEVICE_FAMILY = "1,2";
				TEST_HOST = "$(BUILT_PRODUCTS_DIR)/CJJTimer.app/CJJTimer";
			};
			name = Debug;
		};
		0AE824B124AB178300A95268 /* Release */ = {
			isa = XCBuildConfiguration;
			buildSettings = {
				BUNDLE_LOADER = "$(TEST_HOST)";
				CODE_SIGN_STYLE = Automatic;
				INFOPLIST_FILE = CJJTimerTests/Info.plist;
				IPHONEOS_DEPLOYMENT_TARGET = 13.1;
				LD_RUNPATH_SEARCH_PATHS = (
					"$(inherited)",
					"@executable_path/Frameworks",
					"@loader_path/Frameworks",
				);
				PRODUCT_BUNDLE_IDENTIFIER = com.CJJDemo.www.CJJTimerTests;
				PRODUCT_NAME = "$(TARGET_NAME)";
				TARGETED_DEVICE_FAMILY = "1,2";
				TEST_HOST = "$(BUILT_PRODUCTS_DIR)/CJJTimer.app/CJJTimer";
			};
			name = Release;
		};
		0AE824B324AB178300A95268 /* Debug */ = {
			isa = XCBuildConfiguration;
			buildSettings = {
				CODE_SIGN_STYLE = Automatic;
				INFOPLIST_FILE = CJJTimerUITests/Info.plist;
				LD_RUNPATH_SEARCH_PATHS = (
					"$(inherited)",
					"@executable_path/Frameworks",
					"@loader_path/Frameworks",
				);
				PRODUCT_BUNDLE_IDENTIFIER = com.CJJDemo.www.CJJTimerUITests;
				PRODUCT_NAME = "$(TARGET_NAME)";
				TARGETED_DEVICE_FAMILY = "1,2";
				TEST_TARGET_NAME = CJJTimer;
			};
			name = Debug;
		};
		0AE824B424AB178300A95268 /* Release */ = {
			isa = XCBuildConfiguration;
			buildSettings = {
				CODE_SIGN_STYLE = Automatic;
				INFOPLIST_FILE = CJJTimerUITests/Info.plist;
				LD_RUNPATH_SEARCH_PATHS = (
					"$(inherited)",
					"@executable_path/Frameworks",
					"@loader_path/Frameworks",
				);
				PRODUCT_BUNDLE_IDENTIFIER = com.CJJDemo.www.CJJTimerUITests;
				PRODUCT_NAME = "$(TARGET_NAME)";
				TARGETED_DEVICE_FAMILY = "1,2";
				TEST_TARGET_NAME = CJJTimer;
			};
			name = Release;
		};
/* End XCBuildConfiguration section */

/* Begin XCConfigurationList section */
		0AE8247824AB178200A95268 /* Build configuration list for PBXProject "CJJTimer" */ = {
			isa = XCConfigurationList;
			buildConfigurations = (
				0AE824AA24AB178300A95268 /* Debug */,
				0AE824AB24AB178300A95268 /* Release */,
			);
			defaultConfigurationIsVisible = 0;
			defaultConfigurationName = Release;
		};
		0AE824AC24AB178300A95268 /* Build configuration list for PBXNativeTarget "CJJTimer" */ = {
			isa = XCConfigurationList;
			buildConfigurations = (
				0AE824AD24AB178300A95268 /* Debug */,
				0AE824AE24AB178300A95268 /* Release */,
			);
			defaultConfigurationIsVisible = 0;
			defaultConfigurationName = Release;
		};
		0AE824AF24AB178300A95268 /* Build configuration list for PBXNativeTarget "CJJTimerTests" */ = {
			isa = XCConfigurationList;
			buildConfigurations = (
				0AE824B024AB178300A95268 /* Debug */,
				0AE824B124AB178300A95268 /* Release */,
			);
			defaultConfigurationIsVisible = 0;
			defaultConfigurationName = Release;
		};
		0AE824B224AB178300A95268 /* Build configuration list for PBXNativeTarget "CJJTimerUITests" */ = {
			isa = XCConfigurationList;
			buildConfigurations = (
				0AE824B324AB178300A95268 /* Debug */,
				0AE824B424AB178300A95268 /* Release */,
			);
			defaultConfigurationIsVisible = 0;
			defaultConfigurationName = Release;
		};
/* End XCConfigurationList section */
	};
	rootObject = 0AE8247524AB178200A95268 /* Project object */;
}
